
Microsoft Visual Studio Solution File, Format Version 12.00
# Visual Studio 15
Project("{FAE04EC0-301F-11D3-BF4B-00C04F79EFBC}") = "Number-Guesser-Project", "Number-Guesser-Project\Number-Guesser-Project.csproj", "{EC86C9BB-2B7B-420A-8AFD-BE9CF9D1EB6B}"
EndProject
Global
	GlobalSection(SolutionConfigurationPlatforms) = preSolution
		Debug|Any CPU = Debug|Any CPU
		Release|Any CPU = Release|Any CPU
	EndGlobalSection
	GlobalSection(ProjectConfigurationPlatforms) = postSolution
		{EC86C9BB-2B7B-420A-8AFD-BE9CF9D1EB6B}.Debug|Any CPU.ActiveCfg = Debug|Any CPU
		{EC86C9BB-2B7B-420A-8AFD-BE9CF9D1EB6B}.Debug|Any CPU.Build.0 = Debug|Any CPU
		{EC86C9BB-2B7B-420A-8AFD-BE9CF9D1EB6B}.Release|Any CPU.ActiveCfg = Release|Any CPU
		{EC86C9BB-2B7B-420A-8AFD-BE9CF9D1EB6B}.Release|Any CPU.Build.0 = Release|Any CPU
	EndGlobalSection
EndGlobal
